
Microsoft Visual Studio Solution File, Format Version 12.00
# Visual Studio Version 17
VisualStudioVersion = 17.7.34018.315
MinimumVisualStudioVersion = 10.0.40219.1
Project("{FAE04EC0-301F-11D3-BF4B-00C04F79EFBC}") = "MSCLInstaller", "MSCLInstaller\MSCLInstaller.csproj", "{310CA28C-3D0A-46F9-BEA6-BD94D90940BF}"
EndProject
Global
	GlobalSection(SolutionConfigurationPlatforms) = preSolution
		Debug|Any CPU = Debug|Any CPU
		Release|Any CPU = Release|Any CPU
	EndGlobalSection
	GlobalSection(ProjectConfigurationPlatforms) = postSolution
		{310CA28C-3D0A-46F9-BEA6-BD94D90940BF}.Debug|Any CPU.ActiveCfg = Debug|Any CPU
		{310CA28C-3D0A-46F9-BEA6-BD94D90940BF}.Debug|Any CPU.Build.0 = Debug|Any CPU
		{310CA28C-3D0A-46F9-BEA6-BD94D90940BF}.Release|Any CPU.ActiveCfg = Release|Any CPU
		{310CA28C-3D0A-46F9-BEA6-BD94D90940BF}.Release|Any CPU.Build.0 = Release|Any CPU
	EndGlobalSection
	GlobalSection(SolutionProperties) = preSolution
		HideSolutionNode = FALSE
	EndGlobalSection
	GlobalSection(ExtensibilityGlobals) = postSolution
		SolutionGuid = {2BFB3294-346B-4F16-853A-71D635AAF5D8}
	EndGlobalSection
EndGlobal
